// !$*UTF8*$!
{
	archiveVersion = 1;
	classes = {
	};
	objectVersion = 77;
	objects = {

/* Begin PBXBuildFile section */
		06D178CC5D2D24C34E137D45 /* Pods_MusicSearch.framework in Frameworks */ = {isa = PBXBuildFile; fileRef = A8A878B89E7A7EA97BAEDFA7 /* Pods_MusicSearch.framework */; };
		34B1CEF7ADE597D38AF93089 /* Pods_MusicSearchTests.framework in Frameworks */ = {isa = PBXBuildFile; fileRef = 7A2B24AFE00D9826C856A323 /* Pods_MusicSearchTests.framework */; };
		3B77C4BA7770B8556A1374B9 /* Pods_MusicSearch_MusicSearchUITests.framework in Frameworks */ = {isa = PBXBuildFile; fileRef = 630D86A689E6615C4E1E3438 /* Pods_MusicSearch_MusicSearchUITests.framework */; };
/* End PBXBuildFile section */

/* Begin PBXContainerItemProxy section */
		2C2569A92E6B5CD8008799D2 /* PBXContainerItemProxy */ = {
			isa = PBXContainerItemProxy;
			containerPortal = 2C25698A2E6B5CD7008799D2 /* Project object */;
			proxyType = 1;
			remoteGlobalIDString = 2C2569912E6B5CD7008799D2;
			remoteInfo = MusicSearch;
		};
		2C2569B32E6B5CD8008799D2 /* PBXContainerItemProxy */ = {
			isa = PBXContainerItemProxy;
			containerPortal = 2C25698A2E6B5CD7008799D2 /* Project object */;
			proxyType = 1;
			remoteGlobalIDString = 2C2569912E6B5CD7008799D2;
			remoteInfo = MusicSearch;
		};
/* End PBXContainerItemProxy section */

/* Begin PBXFileReference section */
		2C2569922E6B5CD7008799D2 /* MusicSearch.app */ = {isa = PBXFileReference; explicitFileType = wrapper.application; includeInIndex = 0; path = MusicSearch.app; sourceTree = BUILT_PRODUCTS_DIR; };
		2C2569A82E6B5CD8008799D2 /* MusicSearchTests.xctest */ = {isa = PBXFileReference; explicitFileType = wrapper.cfbundle; includeInIndex = 0; path = MusicSearchTests.xctest; sourceTree = BUILT_PRODUCTS_DIR; };
		2C2569B22E6B5CD8008799D2 /* MusicSearchUITests.xctest */ = {isa = PBXFileReference; explicitFileType = wrapper.cfbundle; includeInIndex = 0; path = MusicSearchUITests.xctest; sourceTree = BUILT_PRODUCTS_DIR; };
		485CC65E1FB3397EB6479059 /* Pods-MusicSearchTests.debug.xcconfig */ = {isa = PBXFileReference; includeInIndex = 1; lastKnownFileType = text.xcconfig; name = "Pods-MusicSearchTests.debug.xcconfig"; path = "Target Support Files/Pods-MusicSearchTests/Pods-MusicSearchTests.debug.xcconfig"; sourceTree = "<group>"; };
		630D86A689E6615C4E1E3438 /* Pods_MusicSearch_MusicSearchUITests.framework */ = {isa = PBXFileReference; explicitFileType = wrapper.framework; includeInIndex = 0; path = Pods_MusicSearch_MusicSearchUITests.framework; sourceTree = BUILT_PRODUCTS_DIR; };
		785812F670E72A585556F6A0 /* Pods-MusicSearch.release.xcconfig */ = {isa = PBXFileReference; includeInIndex = 1; lastKnownFileType = text.xcconfig; name = "Pods-MusicSearch.release.xcconfig"; path = "Target Support Files/Pods-MusicSearch/Pods-MusicSearch.release.xcconfig"; sourceTree = "<group>"; };
		7A2B24AFE00D9826C856A323 /* Pods_MusicSearchTests.framework */ = {isa = PBXFileReference; explicitFileType = wrapper.framework; includeInIndex = 0; path = Pods_MusicSearchTests.framework; sourceTree = BUILT_PRODUCTS_DIR; };
		88DD301A7F8F72F75349A722 /* Pods-MusicSearch-MusicSearchUITests.release.xcconfig */ = {isa = PBXFileReference; includeInIndex = 1; lastKnownFileType = text.xcconfig; name = "Pods-MusicSearch-MusicSearchUITests.release.xcconfig"; path = "Target Support Files/Pods-MusicSearch-MusicSearchUITests/Pods-MusicSearch-MusicSearchUITests.release.xcconfig"; sourceTree = "<group>"; };
		96F70A6022FBD63C0D8A125E /* Pods-MusicSearchTests.release.xcconfig */ = {isa = PBXFileReference; includeInIndex = 1; lastKnownFileType = text.xcconfig; name = "Pods-MusicSearchTests.release.xcconfig"; path = "Target Support Files/Pods-MusicSearchTests/Pods-MusicSearchTests.release.xcconfig"; sourceTree = "<group>"; };
		A7F8E42C19086B5B0B930EAA /* Pods-MusicSearch.debug.xcconfig */ = {isa = PBXFileReference; includeInIndex = 1; lastKnownFileType = text.xcconfig; name = "Pods-MusicSearch.debug.xcconfig"; path = "Target Support Files/Pods-MusicSearch/Pods-MusicSearch.debug.xcconfig"; sourceTree = "<group>"; };
		A8A878B89E7A7EA97BAEDFA7 /* Pods_MusicSearch.framework */ = {isa = PBXFileReference; explicitFileType = wrapper.framework; includeInIndex = 0; path = Pods_MusicSearch.framework; sourceTree = BUILT_PRODUCTS_DIR; };
		F66A2D07937673BEF4D10555 /* Pods-MusicSearch-MusicSearchUITests.debug.xcconfig */ = {isa = PBXFileReference; includeInIndex = 1; lastKnownFileType = text.xcconfig; name = "Pods-MusicSearch-MusicSearchUITests.debug.xcconfig"; path = "Target Support Files/Pods-MusicSearch-MusicSearchUITests/Pods-MusicSearch-MusicSearchUITests.debug.xcconfig"; sourceTree = "<group>"; };
/* End PBXFileReference section */

/* Begin PBXFileSystemSynchronizedBuildFileExceptionSet section */
		2C2569BA2E6B5CD8008799D2 /* Exceptions for "MusicSearch" folder in "MusicSearch" target */ = {
			isa = PBXFileSystemSynchronizedBuildFileExceptionSet;
			membershipExceptions = (
				Info.plist,
			);
			target = 2C2569912E6B5CD7008799D2 /* MusicSearch */;
		};
/* End PBXFileSystemSynchronizedBuildFileExceptionSet section */

/* Begin PBXFileSystemSynchronizedRootGroup section */
		2C2569942E6B5CD7008799D2 /* MusicSearch */ = {
			isa = PBXFileSystemSynchronizedRootGroup;
			exceptions = (
				2C2569BA2E6B5CD8008799D2 /* Exceptions for "MusicSearch" folder in "MusicSearch" target */,
			);
			path = MusicSearch;
			sourceTree = "<group>";
		};
		2C2569AB2E6B5CD8008799D2 /* MusicSearchTests */ = {
			isa = PBXFileSystemSynchronizedRootGroup;
			path = MusicSearchTests;
			sourceTree = "<group>";
		};
		2C2569B52E6B5CD8008799D2 /* MusicSearchUITests */ = {
			isa = PBXFileSystemSynchronizedRootGroup;
			path = MusicSearchUITests;
			sourceTree = "<group>";
		};
/* End PBXFileSystemSynchronizedRootGroup section */

/* Begin PBXFrameworksBuildPhase section */
		2C25698F2E6B5CD7008799D2 /* Frameworks */ = {
			isa = PBXFrameworksBuildPhase;
			buildActionMask = 2147483647;
			files = (
				06D178CC5D2D24C34E137D45 /* Pods_MusicSearch.framework in Frameworks */,
			);
			runOnlyForDeploymentPostprocessing = 0;
		};
		2C2569A52E6B5CD8008799D2 /* Frameworks */ = {
			isa = PBXFrameworksBuildPhase;
			buildActionMask = 2147483647;
			files = (
				34B1CEF7ADE597D38AF93089 /* Pods_MusicSearchTests.framework in Frameworks */,
			);
			runOnlyForDeploymentPostprocessing = 0;
		};
		2C2569AF2E6B5CD8008799D2 /* Frameworks */ = {
			isa = PBXFrameworksBuildPhase;
			buildActionMask = 2147483647;
			files = (
				3B77C4BA7770B8556A1374B9 /* Pods_MusicSearch_MusicSearchUITests.framework in Frameworks */,
			);
			runOnlyForDeploymentPostprocessing = 0;
		};
/* End PBXFrameworksBuildPhase section */

/* Begin PBXGroup section */
		2C2569892E6B5CD7008799D2 = {
			isa = PBXGroup;
			children = (
				2C2569942E6B5CD7008799D2 /* MusicSearch */,
				2C2569AB2E6B5CD8008799D2 /* MusicSearchTests */,
				2C2569B52E6B5CD8008799D2 /* MusicSearchUITests */,
				2C2569932E6B5CD7008799D2 /* Products */,
				A6F60940FAD950C4B8F46C4D /* Pods */,
				B217E2C9957A991F0C2AE454 /* Frameworks */,
			);
			sourceTree = "<group>";
		};
		2C2569932E6B5CD7008799D2 /* Products */ = {
			isa = PBXGroup;
			children = (
				2C2569922E6B5CD7008799D2 /* MusicSearch.app */,
				2C2569A82E6B5CD8008799D2 /* MusicSearchTests.xctest */,
				2C2569B22E6B5CD8008799D2 /* MusicSearchUITests.xctest */,
			);
			name = Products;
			sourceTree = "<group>";
		};
		A6F60940FAD950C4B8F46C4D /* Pods */ = {
			isa = PBXGroup;
			children = (
				A7F8E42C19086B5B0B930EAA /* Pods-MusicSearch.debug.xcconfig */,
				785812F670E72A585556F6A0 /* Pods-MusicSearch.release.xcconfig */,
				F66A2D07937673BEF4D10555 /* Pods-MusicSearch-MusicSearchUITests.debug.xcconfig */,
				88DD301A7F8F72F75349A722 /* Pods-MusicSearch-MusicSearchUITests.release.xcconfig */,
				485CC65E1FB3397EB6479059 /* Pods-MusicSearchTests.debug.xcconfig */,
				96F70A6022FBD63C0D8A125E /* Pods-MusicSearchTests.release.xcconfig */,
			);
			path = Pods;
			sourceTree = "<group>";
		};
		B217E2C9957A991F0C2AE454 /* Frameworks */ = {
			isa = PBXGroup;
			children = (
				A8A878B89E7A7EA97BAEDFA7 /* Pods_MusicSearch.framework */,
				630D86A689E6615C4E1E3438 /* Pods_MusicSearch_MusicSearchUITests.framework */,
				7A2B24AFE00D9826C856A323 /* Pods_MusicSearchTests.framework */,
			);
			name = Frameworks;
			sourceTree = "<group>";
		};
/* End PBXGroup section */

/* Begin PBXNativeTarget section */
		2C2569912E6B5CD7008799D2 /* MusicSearch */ = {
			isa = PBXNativeTarget;
			buildConfigurationList = 2C2569BB2E6B5CD8008799D2 /* Build configuration list for PBXNativeTarget "MusicSearch" */;
			buildPhases = (
				48C6DA40E3C07F7000EC5CE6 /* [CP] Check Pods Manifest.lock */,
				2C25698E2E6B5CD7008799D2 /* Sources */,
				2C25698F2E6B5CD7008799D2 /* Frameworks */,
				2C2569902E6B5CD7008799D2 /* Resources */,
				CC4491D6758C1FDAB4AF7E91 /* [CP] Embed Pods Frameworks */,
			);
			buildRules = (
			);
			dependencies = (
			);
			fileSystemSynchronizedGroups = (
				2C2569942E6B5CD7008799D2 /* MusicSearch */,
			);
			name = MusicSearch;
			productName = MusicSearch;
			productReference = 2C2569922E6B5CD7008799D2 /* MusicSearch.app */;
			productType = "com.apple.product-type.application";
		};
		2C2569A72E6B5CD8008799D2 /* MusicSearchTests */ = {
			isa = PBXNativeTarget;
			buildConfigurationList = 2C2569C02E6B5CD8008799D2 /* Build configuration list for PBXNativeTarget "MusicSearchTests" */;
			buildPhases = (
				4D993EDC6F1EB961304471FF /* [CP] Check Pods Manifest.lock */,
				2C2569A42E6B5CD8008799D2 /* Sources */,
				2C2569A52E6B5CD8008799D2 /* Frameworks */,
				2C2569A62E6B5CD8008799D2 /* Resources */,
			);
			buildRules = (
			);
			dependencies = (
				2C2569AA2E6B5CD8008799D2 /* PBXTargetDependency */,
			);
			fileSystemSynchronizedGroups = (
				2C2569AB2E6B5CD8008799D2 /* MusicSearchTests */,
			);
			name = MusicSearchTests;
			productName = MusicSearchTests;
			productReference = 2C2569A82E6B5CD8008799D2 /* MusicSearchTests.xctest */;
			productType = "com.apple.product-type.bundle.unit-test";
		};
		2C2569B12E6B5CD8008799D2 /* MusicSearchUITests */ = {
			isa = PBXNativeTarget;
			buildConfigurationList = 2C2569C32E6B5CD8008799D2 /* Build configuration list for PBXNativeTarget "MusicSearchUITests" */;
			buildPhases = (
				A1AF39CF475A3319B30DBFAD /* [CP] Check Pods Manifest.lock */,
				2C2569AE2E6B5CD8008799D2 /* Sources */,
				2C2569AF2E6B5CD8008799D2 /* Frameworks */,
				2C2569B02E6B5CD8008799D2 /* Resources */,
				99E24187CEAC61ACA22E167A /* [CP] Embed Pods Frameworks */,
			);
			buildRules = (
			);
			dependencies = (
				2C2569B42E6B5CD8008799D2 /* PBXTargetDependency */,
			);
			fileSystemSynchronizedGroups = (
				2C2569B52E6B5CD8008799D2 /* MusicSearchUITests */,
			);
			name = MusicSearchUITests;
			productName = MusicSearchUITests;
			productReference = 2C2569B22E6B5CD8008799D2 /* MusicSearchUITests.xctest */;
			productType = "com.apple.product-type.bundle.ui-testing";
		};
/* End PBXNativeTarget section */

/* Begin PBXProject section */
		2C25698A2E6B5CD7008799D2 /* Project object */ = {
			isa = PBXProject;
			attributes = {
				BuildIndependentTargetsInParallel = 1;
				LastSwiftUpdateCheck = 1630;
				LastUpgradeCheck = 1630;
				TargetAttributes = {
					2C2569912E6B5CD7008799D2 = {
						CreatedOnToolsVersion = 16.3;
					};
					2C2569A72E6B5CD8008799D2 = {
						CreatedOnToolsVersion = 16.3;
						TestTargetID = 2C2569912E6B5CD7008799D2;
					};
					2C2569B12E6B5CD8008799D2 = {
						CreatedOnToolsVersion = 16.3;
						TestTargetID = 2C2569912E6B5CD7008799D2;
					};
				};
			};
			buildConfigurationList = 2C25698D2E6B5CD7008799D2 /* Build configuration list for PBXProject "MusicSearch" */;
			developmentRegion = en;
			hasScannedForEncodings = 0;
			knownRegions = (
				en,
				Base,
			);
			mainGroup = 2C2569892E6B5CD7008799D2;
			minimizedProjectReferenceProxies = 1;
			preferredProjectObjectVersion = 77;
			productRefGroup = 2C2569932E6B5CD7008799D2 /* Products */;
			projectDirPath = "";
			projectRoot = "";
			targets = (
				2C2569912E6B5CD7008799D2 /* MusicSearch */,
				2C2569A72E6B5CD8008799D2 /* MusicSearchTests */,
				2C2569B12E6B5CD8008799D2 /* MusicSearchUITests */,
			);
		};
/* End PBXProject section */

/* Begin PBXResourcesBuildPhase section */
		2C2569902E6B5CD7008799D2 /* Resources */ = {
			isa = PBXResourcesBuildPhase;
			buildActionMask = 2147483647;
			files = (
			);
			runOnlyForDeploymentPostprocessing = 0;
		};
		2C2569A62E6B5CD8008799D2 /* Resources */ = {
			isa = PBXResourcesBuildPhase;
			buildActionMask = 2147483647;
			files = (
			);
			runOnlyForDeploymentPostprocessing = 0;
		};
		2C2569B02E6B5CD8008799D2 /* Resources */ = {
			isa = PBXResourcesBuildPhase;
			buildActionMask = 2147483647;
			files = (
			);
			runOnlyForDeploymentPostprocessing = 0;
		};
/* End PBXResourcesBuildPhase section */

/* Begin PBXShellScriptBuildPhase section */
		48C6DA40E3C07F7000EC5CE6 /* [CP] Check Pods Manifest.lock */ = {
			isa = PBXShellScriptBuildPhase;
			buildActionMask = 2147483647;
			files = (
			);
			inputFileListPaths = (
			);
			inputPaths = (
				"${PODS_PODFILE_DIR_PATH}/Podfile.lock",
				"${PODS_ROOT}/Manifest.lock",
			);
			name = "[CP] Check Pods Manifest.lock";
			outputFileListPaths = (
			);
			outputPaths = (
				"$(DERIVED_FILE_DIR)/Pods-MusicSearch-checkManifestLockResult.txt",
			);
			runOnlyForDeploymentPostprocessing = 0;
			shellPath = /bin/sh;
			shellScript = "diff \"${PODS_PODFILE_DIR_PATH}/Podfile.lock\" \"${PODS_ROOT}/Manifest.lock\" > /dev/null\nif [ $? != 0 ] ; then\n    # print error to STDERR\n    echo \"error: The sandbox is not in sync with the Podfile.lock. Run 'pod install' or update your CocoaPods installation.\" >&2\n    exit 1\nfi\n# This output is used by Xcode 'outputs' to avoid re-running this script phase.\necho \"SUCCESS\" > \"${SCRIPT_OUTPUT_FILE_0}\"\n";
			showEnvVarsInLog = 0;
		};
		4D993EDC6F1EB961304471FF /* [CP] Check Pods Manifest.lock */ = {
			isa = PBXShellScriptBuildPhase;
			buildActionMask = 2147483647;
			files = (
			);
			inputFileListPaths = (
			);
			inputPaths = (
				"${PODS_PODFILE_DIR_PATH}/Podfile.lock",
				"${PODS_ROOT}/Manifest.lock",
			);
			name = "[CP] Check Pods Manifest.lock";
			outputFileListPaths = (
			);
			outputPaths = (
				"$(DERIVED_FILE_DIR)/Pods-MusicSearchTests-checkManifestLockResult.txt",
			);
			runOnlyForDeploymentPostprocessing = 0;
			shellPath = /bin/sh;
			shellScript = "diff \"${PODS_PODFILE_DIR_PATH}/Podfile.lock\" \"${PODS_ROOT}/Manifest.lock\" > /dev/null\nif [ $? != 0 ] ; then\n    # print error to STDERR\n    echo \"error: The sandbox is not in sync with the Podfile.lock. Run 'pod install' or update your CocoaPods installation.\" >&2\n    exit 1\nfi\n# This output is used by Xcode 'outputs' to avoid re-running this script phase.\necho \"SUCCESS\" > \"${SCRIPT_OUTPUT_FILE_0}\"\n";
			showEnvVarsInLog = 0;
		};
		99E24187CEAC61ACA22E167A /* [CP] Embed Pods Frameworks */ = {
			isa = PBXShellScriptBuildPhase;
			buildActionMask = 2147483647;
			files = (
			);
			inputFileListPaths = (
				"${PODS_ROOT}/Target Support Files/Pods-MusicSearch-MusicSearchUITests/Pods-MusicSearch-MusicSearchUITests-frameworks-${CONFIGURATION}-input-files.xcfilelist",
			);
			inputPaths = (
			);
			name = "[CP] Embed Pods Frameworks";
			outputFileListPaths = (
				"${PODS_ROOT}/Target Support Files/Pods-MusicSearch-MusicSearchUITests/Pods-MusicSearch-MusicSearchUITests-frameworks-${CONFIGURATION}-output-files.xcfilelist",
			);
			outputPaths = (
			);
			runOnlyForDeploymentPostprocessing = 0;
			shellPath = /bin/sh;
			shellScript = "\"${PODS_ROOT}/Target Support Files/Pods-MusicSearch-MusicSearchUITests/Pods-MusicSearch-MusicSearchUITests-frameworks.sh\"\n";
			showEnvVarsInLog = 0;
		};
		A1AF39CF475A3319B30DBFAD /* [CP] Check Pods Manifest.lock */ = {
			isa = PBXShellScriptBuildPhase;
			buildActionMask = 2147483647;
			files = (
			);
			inputFileListPaths = (
			);
			inputPaths = (
				"${PODS_PODFILE_DIR_PATH}/Podfile.lock",
				"${PODS_ROOT}/Manifest.lock",
			);
			name = "[CP] Check Pods Manifest.lock";
			outputFileListPaths = (
			);
			outputPaths = (
				"$(DERIVED_FILE_DIR)/Pods-MusicSearch-MusicSearchUITests-checkManifestLockResult.txt",
			);
			runOnlyForDeploymentPostprocessing = 0;
			shellPath = /bin/sh;
			shellScript = "diff \"${PODS_PODFILE_DIR_PATH}/Podfile.lock\" \"${PODS_ROOT}/Manifest.lock\" > /dev/null\nif [ $? != 0 ] ; then\n    # print error to STDERR\n    echo \"error: The sandbox is not in sync with the Podfile.lock. Run 'pod install' or update your CocoaPods installation.\" >&2\n    exit 1\nfi\n# This output is used by Xcode 'outputs' to avoid re-running this script phase.\necho \"SUCCESS\" > \"${SCRIPT_OUTPUT_FILE_0}\"\n";
			showEnvVarsInLog = 0;
		};
		CC4491D6758C1FDAB4AF7E91 /* [CP] Embed Pods Frameworks */ = {
			isa = PBXShellScriptBuildPhase;
			buildActionMask = 2147483647;
			files = (
			);
			inputFileListPaths = (
				"${PODS_ROOT}/Target Support Files/Pods-MusicSearch/Pods-MusicSearch-frameworks-${CONFIGURATION}-input-files.xcfilelist",
			);
			inputPaths = (
			);
			name = "[CP] Embed Pods Frameworks";
			outputFileListPaths = (
				"${PODS_ROOT}/Target Support Files/Pods-MusicSearch/Pods-MusicSearch-frameworks-${CONFIGURATION}-output-files.xcfilelist",
			);
			outputPaths = (
			);
			runOnlyForDeploymentPostprocessing = 0;
			shellPath = /bin/sh;
			shellScript = "\"${PODS_ROOT}/Target Support Files/Pods-MusicSearch/Pods-MusicSearch-frameworks.sh\"\n";
			showEnvVarsInLog = 0;
		};
/* End PBXShellScriptBuildPhase section */

/* Begin PBXSourcesBuildPhase section */
		2C25698E2E6B5CD7008799D2 /* Sources */ = {
			isa = PBXSourcesBuildPhase;
			buildActionMask = 2147483647;
			files = (
			);
			runOnlyForDeploymentPostprocessing = 0;
		};
		2C2569A42E6B5CD8008799D2 /* Sources */ = {
			isa = PBXSourcesBuildPhase;
			buildActionMask = 2147483647;
			files = (
			);
			runOnlyForDeploymentPostprocessing = 0;
		};
		2C2569AE2E6B5CD8008799D2 /* Sources */ = {
			isa = PBXSourcesBuildPhase;
			buildActionMask = 2147483647;
			files = (
			);
			runOnlyForDeploymentPostprocessing = 0;
		};
/* End PBXSourcesBuildPhase section */

/* Begin PBXTargetDependency section */
		2C2569AA2E6B5CD8008799D2 /* PBXTargetDependency */ = {
			isa = PBXTargetDependency;
			target = 2C2569912E6B5CD7008799D2 /* MusicSearch */;
			targetProxy = 2C2569A92E6B5CD8008799D2 /* PBXContainerItemProxy */;
		};
		2C2569B42E6B5CD8008799D2 /* PBXTargetDependency */ = {
			isa = PBXTargetDependency;
			target = 2C2569912E6B5CD7008799D2 /* MusicSearch */;
			targetProxy = 2C2569B32E6B5CD8008799D2 /* PBXContainerItemProxy */;
		};
/* End PBXTargetDependency section */

/* Begin XCBuildConfiguration section */
		2C2569BC2E6B5CD8008799D2 /* Debug */ = {
			isa = XCBuildConfiguration;
			baseConfigurationReference = A7F8E42C19086B5B0B930EAA /* Pods-MusicSearch.debug.xcconfig */;
			buildSettings = {
				ASSETCATALOG_COMPILER_APPICON_NAME = AppIcon;
				ASSETCATALOG_COMPILER_GLOBAL_ACCENT_COLOR_NAME = AccentColor;
				CODE_SIGN_STYLE = Automatic;
				CURRENT_PROJECT_VERSION = 1;
				ENABLE_USER_SCRIPT_SANDBOXING = NO;
				GENERATE_INFOPLIST_FILE = YES;
				INFOPLIST_FILE = MusicSearch/Info.plist;
				INFOPLIST_KEY_UIApplicationSupportsIndirectInputEvents = YES;
				INFOPLIST_KEY_UILaunchStoryboardName = LaunchScreen;
				INFOPLIST_KEY_UIMainStoryboardFile = Main;
				INFOPLIST_KEY_UISupportedInterfaceOrientations_iPad = "UIInterfaceOrientationPortrait UIInterfaceOrientationPortraitUpsideDown UIInterfaceOrientationLandscapeLeft UIInterfaceOrientationLandscapeRight";
				INFOPLIST_KEY_UISupportedInterfaceOrientations_iPhone = "UIInterfaceOrientationPortrait UIInterfaceOrientationLandscapeLeft UIInterfaceOrientationLandscapeRight";
				IPHONEOS_DEPLOYMENT_TARGET = 15.0;
				LD_RUNPATH_SEARCH_PATHS = (
					"$(inherited)",
					"@executable_path/Frameworks",
				);
				MARKETING_VERSION = 1.0;
				PRODUCT_BUNDLE_IDENTIFIER = kz.mobydev.MusicSearch;
				PRODUCT_NAME = "$(TARGET_NAME)";
				SWIFT_EMIT_LOC_STRINGS = YES;
				SWIFT_VERSION = 5.0;
				TARGETED_DEVICE_FAMILY = "1,2";
			};
			name = Debug;
		};
		2C2569BD2E6B5CD8008799D2 /* Release */ = {
			isa = XCBuildConfiguration;
			baseConfigurationReference = 785812F670E72A585556F6A0 /* Pods-MusicSearch.release.xcconfig */;
			buildSettings = {
				ASSETCATALOG_COMPILER_APPICON_NAME = AppIcon;
				ASSETCATALOG_COMPILER_GLOBAL_ACCENT_COLOR_NAME = AccentColor;
				CODE_SIGN_STYLE = Automatic;
				CURRENT_PROJECT_VERSION = 1;
				ENABLE_USER_SCRIPT_SANDBOXING = NO;
				GENERATE_INFOPLIST_FILE = YES;
				INFOPLIST_FILE = MusicSearch/Info.plist;
				INFOPLIST_KEY_UIApplicationSupportsIndirectInputEvents = YES;
				INFOPLIST_KEY_UILaunchStoryboardName = LaunchScreen;
				INFOPLIST_KEY_UIMainStoryboardFile = Main;
				INFOPLIST_KEY_UISupportedInterfaceOrientations_iPad = "UIInterfaceOrientationPortrait UIInterfaceOrientationPortraitUpsideDown UIInterfaceOrientationLandscapeLeft UIInterfaceOrientationLandscapeRight";
				INFOPLIST_KEY_UISupportedInterfaceOrientations_iPhone = "UIInterfaceOrientationPortrait UIInterfaceOrientationLandscapeLeft UIInterfaceOrientationLandscapeRight";
				IPHONEOS_DEPLOYMENT_TARGET = 15.0;
				LD_RUNPATH_SEARCH_PATHS = (
					"$(inherited)",
					"@executable_path/Frameworks",
				);
				MARKETING_VERSION = 1.0;
				PRODUCT_BUNDLE_IDENTIFIER = kz.mobydev.MusicSearch;
				PRODUCT_NAME = "$(TARGET_NAME)";
				SWIFT_EMIT_LOC_STRINGS = YES;
				SWIFT_VERSION = 5.0;
				TARGETED_DEVICE_FAMILY = "1,2";
			};
			name = Release;
		};
		2C2569BE2E6B5CD8008799D2 /* Debug */ = {
			isa = XCBuildConfiguration;
			buildSettings = {
				ALWAYS_SEARCH_USER_PATHS = NO;
				ASSETCATALOG_COMPILER_GENERATE_SWIFT_ASSET_SYMBOL_EXTENSIONS = YES;
				CLANG_ANALYZER_NONNULL = YES;
				CLANG_ANALYZER_NUMBER_OBJECT_CONVERSION = YES_AGGRESSIVE;
				CLANG_CXX_LANGUAGE_STANDARD = "gnu++20";
				CLANG_ENABLE_MODULES = YES;
				CLANG_ENABLE_OBJC_ARC = YES;
				CLANG_ENABLE_OBJC_WEAK = YES;
				CLANG_WARN_BLOCK_CAPTURE_AUTORELEASING = YES;
				CLANG_WARN_BOOL_CONVERSION = YES;
				CLANG_WARN_COMMA = YES;
				CLANG_WARN_CONSTANT_CONVERSION = YES;
				CLANG_WARN_DEPRECATED_OBJC_IMPLEMENTATIONS = YES;
				CLANG_WARN_DIRECT_OBJC_ISA_USAGE = YES_ERROR;
				CLANG_WARN_DOCUMENTATION_COMMENTS = YES;
				CLANG_WARN_EMPTY_BODY = YES;
				CLANG_WARN_ENUM_CONVERSION = YES;
				CLANG_WARN_INFINITE_RECURSION = YES;
				CLANG_WARN_INT_CONVERSION = YES;
				CLANG_WARN_NON_LITERAL_NULL_CONVERSION = YES;
				CLANG_WARN_OBJC_IMPLICIT_RETAIN_SELF = YES;
				CLANG_WARN_OBJC_LITERAL_CONVERSION = YES;
				CLANG_WARN_OBJC_ROOT_CLASS = YES_ERROR;
				CLANG_WARN_QUOTED_INCLUDE_IN_FRAMEWORK_HEADER = YES;
				CLANG_WARN_RANGE_LOOP_ANALYSIS = YES;
				CLANG_WARN_STRICT_PROTOTYPES = YES;
				CLANG_WARN_SUSPICIOUS_MOVE = YES;
				CLANG_WARN_UNGUARDED_AVAILABILITY = YES_AGGRESSIVE;
				CLANG_WARN_UNREACHABLE_CODE = YES;
				CLANG_WARN__DUPLICATE_METHOD_MATCH = YES;
				COPY_PHASE_STRIP = NO;
				DEBUG_INFORMATION_FORMAT = dwarf;
				ENABLE_STRICT_OBJC_MSGSEND = YES;
				ENABLE_TESTABILITY = YES;
				ENABLE_USER_SCRIPT_SANDBOXING = YES;
				GCC_C_LANGUAGE_STANDARD = gnu17;
				GCC_DYNAMIC_NO_PIC = NO;
				GCC_NO_COMMON_BLOCKS = YES;
				GCC_OPTIMIZATION_LEVEL = 0;
				GCC_PREPROCESSOR_DEFINITIONS = (
					"DEBUG=1",
					"$(inherited)",
				);
				GCC_WARN_64_TO_32_BIT_CONVERSION = YES;
				GCC_WARN_ABOUT_RETURN_TYPE = YES_ERROR;
				GCC_WARN_UNDECLARED_SELECTOR = YES;
				GCC_WARN_UNINITIALIZED_AUTOS = YES_AGGRESSIVE;
				GCC_WARN_UNUSED_FUNCTION = YES;
				GCC_WARN_UNUSED_VARIABLE = YES;
				IPHONEOS_DEPLOYMENT_TARGET = 18.4;
				LOCALIZATION_PREFERS_STRING_CATALOGS = YES;
				MTL_ENABLE_DEBUG_INFO = INCLUDE_SOURCE;
				MTL_FAST_MATH = YES;
				ONLY_ACTIVE_ARCH = YES;
				SDKROOT = iphoneos;
				SWIFT_ACTIVE_COMPILATION_CONDITIONS = "DEBUG $(inherited)";
				SWIFT_OPTIMIZATION_LEVEL = "-Onone";
			};
			name = Debug;
		};
		2C2569BF2E6B5CD8008799D2 /* Release */ = {
			isa = XCBuildConfiguration;
			buildSettings = {
				ALWAYS_SEARCH_USER_PATHS = NO;
				ASSETCATALOG_COMPILER_GENERATE_SWIFT_ASSET_SYMBOL_EXTENSIONS = YES;
				CLANG_ANALYZER_NONNULL = YES;
				CLANG_ANALYZER_NUMBER_OBJECT_CONVERSION = YES_AGGRESSIVE;
				CLANG_CXX_LANGUAGE_STANDARD = "gnu++20";
				CLANG_ENABLE_MODULES = YES;
				CLANG_ENABLE_OBJC_ARC = YES;
				CLANG_ENABLE_OBJC_WEAK = YES;
				CLANG_WARN_BLOCK_CAPTURE_AUTORELEASING = YES;
				CLANG_WARN_BOOL_CONVERSION = YES;
				CLANG_WARN_COMMA = YES;
				CLANG_WARN_CONSTANT_CONVERSION = YES;
				CLANG_WARN_DEPRECATED_OBJC_IMPLEMENTATIONS = YES;
				CLANG_WARN_DIRECT_OBJC_ISA_USAGE = YES_ERROR;
				CLANG_WARN_DOCUMENTATION_COMMENTS = YES;
				CLANG_WARN_EMPTY_BODY = YES;
				CLANG_WARN_ENUM_CONVERSION = YES;
				CLANG_WARN_INFINITE_RECURSION = YES;
				CLANG_WARN_INT_CONVERSION = YES;
				CLANG_WARN_NON_LITERAL_NULL_CONVERSION = YES;
				CLANG_WARN_OBJC_IMPLICIT_RETAIN_SELF = YES;
				CLANG_WARN_OBJC_LITERAL_CONVERSION = YES;
				CLANG_WARN_OBJC_ROOT_CLASS = YES_ERROR;
				CLANG_WARN_QUOTED_INCLUDE_IN_FRAMEWORK_HEADER = YES;
				CLANG_WARN_RANGE_LOOP_ANALYSIS = YES;
				CLANG_WARN_STRICT_PROTOTYPES = YES;
				CLANG_WARN_SUSPICIOUS_MOVE = YES;
				CLANG_WARN_UNGUARDED_AVAILABILITY = YES_AGGRESSIVE;
				CLANG_WARN_UNREACHABLE_CODE = YES;
				CLANG_WARN__DUPLICATE_METHOD_MATCH = YES;
				COPY_PHASE_STRIP = NO;
				DEBUG_INFORMATION_FORMAT = "dwarf-with-dsym";
				ENABLE_NS_ASSERTIONS = NO;
				ENABLE_STRICT_OBJC_MSGSEND = YES;
				ENABLE_USER_SCRIPT_SANDBOXING = YES;
				GCC_C_LANGUAGE_STANDARD = gnu17;
				GCC_NO_COMMON_BLOCKS = YES;
				GCC_WARN_64_TO_32_BIT_CONVERSION = YES;
				GCC_WARN_ABOUT_RETURN_TYPE = YES_ERROR;
				GCC_WARN_UNDECLARED_SELECTOR = YES;
				GCC_WARN_UNINITIALIZED_AUTOS = YES_AGGRESSIVE;
				GCC_WARN_UNUSED_FUNCTION = YES;
				GCC_WARN_UNUSED_VARIABLE = YES;
				IPHONEOS_DEPLOYMENT_TARGET = 18.4;
				LOCALIZATION_PREFERS_STRING_CATALOGS = YES;
				MTL_ENABLE_DEBUG_INFO = NO;
				MTL_FAST_MATH = YES;
				SDKROOT = iphoneos;
				SWIFT_COMPILATION_MODE = wholemodule;
				VALIDATE_PRODUCT = YES;
			};
			name = Release;
		};
		2C2569C12E6B5CD8008799D2 /* Debug */ = {
			isa = XCBuildConfiguration;
			baseConfigurationReference = 485CC65E1FB3397EB6479059 /* Pods-MusicSearchTests.debug.xcconfig */;
			buildSettings = {
				BUNDLE_LOADER = "$(TEST_HOST)";
				CODE_SIGN_STYLE = Automatic;
				CURRENT_PROJECT_VERSION = 1;
				GENERATE_INFOPLIST_FILE = YES;
				IPHONEOS_DEPLOYMENT_TARGET = 18.4;
				MARKETING_VERSION = 1.0;
				PRODUCT_BUNDLE_IDENTIFIER = kz.mobydev.MusicSearchTests;
				PRODUCT_NAME = "$(TARGET_NAME)";
				SWIFT_EMIT_LOC_STRINGS = NO;
				SWIFT_VERSION = 5.0;
				TARGETED_DEVICE_FAMILY = "1,2";
				TEST_HOST = "$(BUILT_PRODUCTS_DIR)/MusicSearch.app/$(BUNDLE_EXECUTABLE_FOLDER_PATH)/MusicSearch";
			};
			name = Debug;
		};
		2C2569C22E6B5CD8008799D2 /* Release */ = {
			isa = XCBuildConfiguration;
			baseConfigurationReference = 96F70A6022FBD63C0D8A125E /* Pods-MusicSearchTests.release.xcconfig */;
			buildSettings = {
				BUNDLE_LOADER = "$(TEST_HOST)";
				CODE_SIGN_STYLE = Automatic;
				CURRENT_PROJECT_VERSION = 1;
				GENERATE_INFOPLIST_FILE = YES;
				IPHONEOS_DEPLOYMENT_TARGET = 18.4;
				MARKETING_VERSION = 1.0;
				PRODUCT_BUNDLE_IDENTIFIER = kz.mobydev.MusicSearchTests;
				PRODUCT_NAME = "$(TARGET_NAME)";
				SWIFT_EMIT_LOC_STRINGS = NO;
				SWIFT_VERSION = 5.0;
				TARGETED_DEVICE_FAMILY = "1,2";
				TEST_HOST = "$(BUILT_PRODUCTS_DIR)/MusicSearch.app/$(BUNDLE_EXECUTABLE_FOLDER_PATH)/MusicSearch";
			};
			name = Release;
		};
		2C2569C42E6B5CD8008799D2 /* Debug */ = {
			isa = XCBuildConfiguration;
			baseConfigurationReference = F66A2D07937673BEF4D10555 /* Pods-MusicSearch-MusicSearchUITests.debug.xcconfig */;
			buildSettings = {
				CODE_SIGN_STYLE = Automatic;
				CURRENT_PROJECT_VERSION = 1;
				GENERATE_INFOPLIST_FILE = YES;
				MARKETING_VERSION = 1.0;
				PRODUCT_BUNDLE_IDENTIFIER = kz.mobydev.MusicSearchUITests;
				PRODUCT_NAME = "$(TARGET_NAME)";
				SWIFT_EMIT_LOC_STRINGS = NO;
				SWIFT_VERSION = 5.0;
				TARGETED_DEVICE_FAMILY = "1,2";
				TEST_TARGET_NAME = MusicSearch;
			};
			name = Debug;
		};
		2C2569C52E6B5CD8008799D2 /* Release */ = {
			isa = XCBuildConfiguration;
			baseConfigurationReference = 88DD301A7F8F72F75349A722 /* Pods-MusicSearch-MusicSearchUITests.release.xcconfig */;
			buildSettings = {
				CODE_SIGN_STYLE = Automatic;
				CURRENT_PROJECT_VERSION = 1;
				GENERATE_INFOPLIST_FILE = YES;
				MARKETING_VERSION = 1.0;
				PRODUCT_BUNDLE_IDENTIFIER = kz.mobydev.MusicSearchUITests;
				PRODUCT_NAME = "$(TARGET_NAME)";
				SWIFT_EMIT_LOC_STRINGS = NO;
				SWIFT_VERSION = 5.0;
				TARGETED_DEVICE_FAMILY = "1,2";
				TEST_TARGET_NAME = MusicSearch;
			};
			name = Release;
		};
/* End XCBuildConfiguration section */

/* Begin XCConfigurationList section */
		2C25698D2E6B5CD7008799D2 /* Build configuration list for PBXProject "MusicSearch" */ = {
			isa = XCConfigurationList;
			buildConfigurations = (
				2C2569BE2E6B5CD8008799D2 /* Debug */,
				2C2569BF2E6B5CD8008799D2 /* Release */,
			);
			defaultConfigurationIsVisible = 0;
			defaultConfigurationName = Release;
		};
		2C2569BB2E6B5CD8008799D2 /* Build configuration list for PBXNativeTarget "MusicSearch" */ = {
			isa = XCConfigurationList;
			buildConfigurations = (
				2C2569BC2E6B5CD8008799D2 /* Debug */,
				2C2569BD2E6B5CD8008799D2 /* Release */,
			);
			defaultConfigurationIsVisible = 0;
			defaultConfigurationName = Release;
		};
		2C2569C02E6B5CD8008799D2 /* Build configuration list for PBXNativeTarget "MusicSearchTests" */ = {
			isa = XCConfigurationList;
			buildConfigurations = (
				2C2569C12E6B5CD8008799D2 /* Debug */,
				2C2569C22E6B5CD8008799D2 /* Release */,
			);
			defaultConfigurationIsVisible = 0;
			defaultConfigurationName = Release;
		};
		2C2569C32E6B5CD8008799D2 /* Build configuration list for PBXNativeTarget "MusicSearchUITests" */ = {
			isa = XCConfigurationList;
			buildConfigurations = (
				2C2569C42E6B5CD8008799D2 /* Debug */,
				2C2569C52E6B5CD8008799D2 /* Release */,
			);
			defaultConfigurationIsVisible = 0;
			defaultConfigurationName = Release;
		};
/* End XCConfigurationList section */
	};
	rootObject = 2C25698A2E6B5CD7008799D2 /* Project object */;
}
